
Microsoft Visual Studio Solution File, Format Version 12.00
# Visual Studio 15
VisualStudioVersion = 15.0.28307.168
MinimumVisualStudioVersion = 10.0.40219.1
Project("{9A19103F-16F7-4668-BE54-9A1E7A4F7556}") = "FestoVideoStream", "FestoVideoStream.csproj", "{CA8D1866-23EB-4E80-9E83-2A0C814862AB}"
EndProject
Global
	GlobalSection(SolutionConfigurationPlatforms) = preSolution
		Debug|Any CPU = Debug|Any CPU
		Release|Any CPU = Release|Any CPU
	EndGlobalSection
	GlobalSection(ProjectConfigurationPlatforms) = postSolution
		{CA8D1866-23EB-4E80-9E83-2A0C814862AB}.Debug|Any CPU.ActiveCfg = Debug|Any CPU
		{CA8D1866-23EB-4E80-9E83-2A0C814862AB}.Debug|Any CPU.Build.0 = Debug|Any CPU
		{CA8D1866-23EB-4E80-9E83-2A0C814862AB}.Release|Any CPU.ActiveCfg = Release|Any CPU
		{CA8D1866-23EB-4E80-9E83-2A0C814862AB}.Release|Any CPU.Build.0 = Release|Any CPU
	EndGlobalSection
	GlobalSection(SolutionProperties) = preSolution
		HideSolutionNode = FALSE
	EndGlobalSection
	GlobalSection(ExtensibilityGlobals) = postSolution
		SolutionGuid = {28378242-4A13-4FA1-B922-6A879387FA4E}
	EndGlobalSection
EndGlobal
